
Microsoft Visual Studio Solution File, Format Version 12.00
# Visual Studio Version 16
VisualStudioVersion = 16.0.34407.143
MinimumVisualStudioVersion = 10.0.40219.1
Project("{FAE04EC0-301F-11D3-BF4B-00C04F79EFBC}") = "BusInformationBoard", "BusInformationBoard\BusInformationBoard.csproj", "{E88F9C66-31DA-4B1B-ACD2-C1426202C688}"
EndProject
Global
	GlobalSection(SolutionConfigurationPlatforms) = preSolution
		Debug|Any CPU = Debug|Any CPU
		Release|Any CPU = Release|Any CPU
	EndGlobalSection
	GlobalSection(ProjectConfigurationPlatforms) = postSolution
		{E88F9C66-31DA-4B1B-ACD2-C1426202C688}.Debug|Any CPU.ActiveCfg = Debug|Any CPU
		{E88F9C66-31DA-4B1B-ACD2-C1426202C688}.Debug|Any CPU.Build.0 = Debug|Any CPU
		{E88F9C66-31DA-4B1B-ACD2-C1426202C688}.Release|Any CPU.ActiveCfg = Release|Any CPU
		{E88F9C66-31DA-4B1B-ACD2-C1426202C688}.Release|Any CPU.Build.0 = Release|Any CPU
	EndGlobalSection
	GlobalSection(SolutionProperties) = preSolution
		HideSolutionNode = FALSE
	EndGlobalSection
	GlobalSection(ExtensibilityGlobals) = postSolution
		SolutionGuid = {53537512-17DA-4312-A0C6-3B6FB26844D7}
	EndGlobalSection
EndGlobal
